
Microsoft Visual Studio Solution File, Format Version 12.00
# Visual Studio Version 17
VisualStudioVersion = 17.13.35919.96 d17.13
MinimumVisualStudioVersion = 10.0.40219.1
Project("{8BC9CEB8-8B4A-11D0-8D11-00A0C91BC942}") = "Filosofar Win", "Filosofar Win.vcxproj", "{D6B7D24E-6A4D-493A-A0F8-4D4FF7A0EC8B}"
EndProject
Global
	GlobalSection(SolutionConfigurationPlatforms) = preSolution
		Debug|x64 = Debug|x64
		Debug|x86 = Debug|x86
		Release|x64 = Release|x64
		Release|x86 = Release|x86
	EndGlobalSection
	GlobalSection(ProjectConfigurationPlatforms) = postSolution
		{D6B7D24E-6A4D-493A-A0F8-4D4FF7A0EC8B}.Debug|x64.ActiveCfg = Debug|Win32
		{D6B7D24E-6A4D-493A-A0F8-4D4FF7A0EC8B}.Debug|x64.Build.0 = Debug|Win32
		{D6B7D24E-6A4D-493A-A0F8-4D4FF7A0EC8B}.Debug|x86.ActiveCfg = Debug|Win32
		{D6B7D24E-6A4D-493A-A0F8-4D4FF7A0EC8B}.Debug|x86.Build.0 = Debug|Win32
		{D6B7D24E-6A4D-493A-A0F8-4D4FF7A0EC8B}.Release|x64.ActiveCfg = Release|x64
		{D6B7D24E-6A4D-493A-A0F8-4D4FF7A0EC8B}.Release|x64.Build.0 = Release|x64
		{D6B7D24E-6A4D-493A-A0F8-4D4FF7A0EC8B}.Release|x86.ActiveCfg = Release|Win32
		{D6B7D24E-6A4D-493A-A0F8-4D4FF7A0EC8B}.Release|x86.Build.0 = Release|Win32
	EndGlobalSection
	GlobalSection(SolutionProperties) = preSolution
		HideSolutionNode = FALSE
	EndGlobalSection
	GlobalSection(ExtensibilityGlobals) = postSolution
		SolutionGuid = {27202255-BD4A-4B1E-9CAB-23C50545FDDB}
	EndGlobalSection
EndGlobal
